
Microsoft Visual Studio Solution File, Format Version 12.00
# Visual Studio 2017
Project("{FAE04EC0-301F-11D3-BF4B-00C04F79EFBC}") = "ARt1", "ARt1.csproj", "{3DAD6CD5-E15B-592F-D04C-8435C9913060}"
EndProject
Project("{FAE04EC0-301F-11D3-BF4B-00C04F79EFBC}") = "ARt1.Editor", "ARt1.Editor.csproj", "{C94E1971-AD7B-90DA-AA83-8250BEFACD3B}"
EndProject
Global
	GlobalSection(SolutionConfigurationPlatforms) = preSolution
		Debug|Any CPU = Debug|Any CPU
		Release|Any CPU = Release|Any CPU
	EndGlobalSection
	GlobalSection(ProjectConfigurationPlatforms) = postSolution
		{3DAD6CD5-E15B-592F-D04C-8435C9913060}.Debug|Any CPU.ActiveCfg = Debug|Any CPU
		{3DAD6CD5-E15B-592F-D04C-8435C9913060}.Debug|Any CPU.Build.0 = Debug|Any CPU
		{3DAD6CD5-E15B-592F-D04C-8435C9913060}.Release|Any CPU.ActiveCfg = Release|Any CPU
		{3DAD6CD5-E15B-592F-D04C-8435C9913060}.Release|Any CPU.Build.0 = Release|Any CPU
		{C94E1971-AD7B-90DA-AA83-8250BEFACD3B}.Debug|Any CPU.ActiveCfg = Debug|Any CPU
		{C94E1971-AD7B-90DA-AA83-8250BEFACD3B}.Debug|Any CPU.Build.0 = Debug|Any CPU
		{C94E1971-AD7B-90DA-AA83-8250BEFACD3B}.Release|Any CPU.ActiveCfg = Release|Any CPU
		{C94E1971-AD7B-90DA-AA83-8250BEFACD3B}.Release|Any CPU.Build.0 = Release|Any CPU
	EndGlobalSection
	GlobalSection(SolutionProperties) = preSolution
		HideSolutionNode = FALSE
	EndGlobalSection
EndGlobal
